
Microsoft Visual Studio Solution File, Format Version 12.00
# Visual Studio 15
VisualStudioVersion = 15.0.27130.2010
MinimumVisualStudioVersion = 10.0.40219.1
Project("{FAE04EC0-301F-11D3-BF4B-00C04F79EFBC}") = "NHLStats.Api", "NHLStats.Api\NHLStats.Api.csproj", "{2988F8C6-0F4F-419B-911B-B69515A7800D}"
EndProject
Project("{FAE04EC0-301F-11D3-BF4B-00C04F79EFBC}") = "NHLStats.Core", "NHLStats.Core\NHLStats.Core.csproj", "{E66B37D4-082D-42FC-A049-A1B183E18A2D}"
EndProject
Global
	GlobalSection(SolutionConfigurationPlatforms) = preSolution
		Debug|Any CPU = Debug|Any CPU
		Release|Any CPU = Release|Any CPU
	EndGlobalSection
	GlobalSection(ProjectConfigurationPlatforms) = postSolution
		{2988F8C6-0F4F-419B-911B-B69515A7800D}.Debug|Any CPU.ActiveCfg = Debug|Any CPU
		{2988F8C6-0F4F-419B-911B-B69515A7800D}.Debug|Any CPU.Build.0 = Debug|Any CPU
		{2988F8C6-0F4F-419B-911B-B69515A7800D}.Release|Any CPU.ActiveCfg = Release|Any CPU
		{2988F8C6-0F4F-419B-911B-B69515A7800D}.Release|Any CPU.Build.0 = Release|Any CPU
		{E66B37D4-082D-42FC-A049-A1B183E18A2D}.Debug|Any CPU.ActiveCfg = Debug|Any CPU
		{E66B37D4-082D-42FC-A049-A1B183E18A2D}.Debug|Any CPU.Build.0 = Debug|Any CPU
		{E66B37D4-082D-42FC-A049-A1B183E18A2D}.Release|Any CPU.ActiveCfg = Release|Any CPU
		{E66B37D4-082D-42FC-A049-A1B183E18A2D}.Release|Any CPU.Build.0 = Release|Any CPU
	EndGlobalSection
	GlobalSection(SolutionProperties) = preSolution
		HideSolutionNode = FALSE
	EndGlobalSection
	GlobalSection(ExtensibilityGlobals) = postSolution
		SolutionGuid = {8C9F3067-8D49-47A5-B5D1-5C7FA8527166}
	EndGlobalSection
EndGlobal
